
Microsoft Visual Studio Solution File, Format Version 12.00
# Visual Studio 15
VisualStudioVersion = 15.0.27004.2006
MinimumVisualStudioVersion = 10.0.40219.1
Project("{FAE04EC0-301F-11D3-BF4B-00C04F79EFBC}") = "OpenkoreUtil", "OpenkoreUtil\OpenkoreUtil.csproj", "{37597C8E-EB41-4730-9353-25393216229F}"
EndProject
Global
	GlobalSection(SolutionConfigurationPlatforms) = preSolution
		Debug|Any CPU = Debug|Any CPU
		Release|Any CPU = Release|Any CPU
	EndGlobalSection
	GlobalSection(ProjectConfigurationPlatforms) = postSolution
		{37597C8E-EB41-4730-9353-25393216229F}.Debug|Any CPU.ActiveCfg = Debug|Any CPU
		{37597C8E-EB41-4730-9353-25393216229F}.Debug|Any CPU.Build.0 = Debug|Any CPU
		{37597C8E-EB41-4730-9353-25393216229F}.Release|Any CPU.ActiveCfg = Release|Any CPU
		{37597C8E-EB41-4730-9353-25393216229F}.Release|Any CPU.Build.0 = Release|Any CPU
	EndGlobalSection
	GlobalSection(SolutionProperties) = preSolution
		HideSolutionNode = FALSE
	EndGlobalSection
	GlobalSection(ExtensibilityGlobals) = postSolution
		SolutionGuid = {2F669D23-1BBB-45BF-BADA-9BABCEA37EDC}
	EndGlobalSection
EndGlobal
